// !$*UTF8*$!
{
	archiveVersion = 1;
	classes = {
	};
	objectVersion = 46;
	objects = {

/* Begin PBXBuildFile section */
		C01A45051F678AFC00C3A034 /* AppDelegate.swift in Sources */ = {isa = PBXBuildFile; fileRef = C01A45041F678AFC00C3A034 /* AppDelegate.swift */; };
		C01A45071F678AFC00C3A034 /* BucketListViewController.swift in Sources */ = {isa = PBXBuildFile; fileRef = C01A45061F678AFC00C3A034 /* BucketListViewController.swift */; };
		C01A450A1F678AFC00C3A034 /* Main.storyboard in Resources */ = {isa = PBXBuildFile; fileRef = C01A45081F678AFC00C3A034 /* Main.storyboard */; };
		C01A450C1F678AFC00C3A034 /* Assets.xcassets in Resources */ = {isa = PBXBuildFile; fileRef = C01A450B1F678AFC00C3A034 /* Assets.xcassets */; };
		C01A450F1F678AFC00C3A034 /* LaunchScreen.storyboard in Resources */ = {isa = PBXBuildFile; fileRef = C01A450D1F678AFC00C3A034 /* LaunchScreen.storyboard */; };
		C01A451A1F678AFC00C3A034 /* BucketListTests.swift in Sources */ = {isa = PBXBuildFile; fileRef = C01A45191F678AFC00C3A034 /* BucketListTests.swift */; };
		C01A45251F678AFC00C3A034 /* BucketListUITests.swift in Sources */ = {isa = PBXBuildFile; fileRef = C01A45241F678AFC00C3A034 /* BucketListUITests.swift */; };
		C06C94941F67A0C700C441D3 /* AddItemTableViewController.swift in Sources */ = {isa = PBXBuildFile; fileRef = C06C94931F67A0C700C441D3 /* AddItemTableViewController.swift */; };
		C06C94981F67AD7B00C441D3 /* AddItemTableViewControllerDelegate.swift in Sources */ = {isa = PBXBuildFile; fileRef = C06C94971F67AD7B00C441D3 /* AddItemTableViewControllerDelegate.swift */; };
/* End PBXBuildFile section */

/* Begin PBXContainerItemProxy section */
		C01A45161F678AFC00C3A034 /* PBXContainerItemProxy */ = {
			isa = PBXContainerItemProxy;
			containerPortal = C01A44F91F678AFC00C3A034 /* Project object */;
			proxyType = 1;
			remoteGlobalIDString = C01A45001F678AFC00C3A034;
			remoteInfo = BucketList;
		};
		C01A45211F678AFC00C3A034 /* PBXContainerItemProxy */ = {
			isa = PBXContainerItemProxy;
			containerPortal = C01A44F91F678AFC00C3A034 /* Project object */;
			proxyType = 1;
			remoteGlobalIDString = C01A45001F678AFC00C3A034;
			remoteInfo = BucketList;
		};
/* End PBXContainerItemProxy section */

/* Begin PBXFileReference section */
		C01A45011F678AFC00C3A034 /* BucketList.app */ = {isa = PBXFileReference; explicitFileType = wrapper.application; includeInIndex = 0; path = BucketList.app; sourceTree = BUILT_PRODUCTS_DIR; };
		C01A45041F678AFC00C3A034 /* AppDelegate.swift */ = {isa = PBXFileReference; lastKnownFileType = sourcecode.swift; path = AppDelegate.swift; sourceTree = "<group>"; };
		C01A45061F678AFC00C3A034 /* BucketListViewController.swift */ = {isa = PBXFileReference; lastKnownFileType = sourcecode.swift; path = BucketListViewController.swift; sourceTree = "<group>"; };
		C01A45091F678AFC00C3A034 /* Base */ = {isa = PBXFileReference; lastKnownFileType = file.storyboard; name = Base; path = Base.lproj/Main.storyboard; sourceTree = "<group>"; };
		C01A450B1F678AFC00C3A034 /* Assets.xcassets */ = {isa = PBXFileReference; lastKnownFileType = folder.assetcatalog; path = Assets.xcassets; sourceTree = "<group>"; };
		C01A450E1F678AFC00C3A034 /* Base */ = {isa = PBXFileReference; lastKnownFileType = file.storyboard; name = Base; path = Base.lproj/LaunchScreen.storyboard; sourceTree = "<group>"; };
		C01A45101F678AFC00C3A034 /* Info.plist */ = {isa = PBXFileReference; lastKnownFileType = text.plist.xml; path = Info.plist; sourceTree = "<group>"; };
		C01A45151F678AFC00C3A034 /* BucketListTests.xctest */ = {isa = PBXFileReference; explicitFileType = wrapper.cfbundle; includeInIndex = 0; path = BucketListTests.xctest; sourceTree = BUILT_PRODUCTS_DIR; };
		C01A45191F678AFC00C3A034 /* BucketListTests.swift */ = {isa = PBXFileReference; lastKnownFileType = sourcecode.swift; path = BucketListTests.swift; sourceTree = "<group>"; };
		C01A451B1F678AFC00C3A034 /* Info.plist */ = {isa = PBXFileReference; lastKnownFileType = text.plist.xml; path = Info.plist; sourceTree = "<group>"; };
		C01A45201F678AFC00C3A034 /* BucketListUITests.xctest */ = {isa = PBXFileReference; explicitFileType = wrapper.cfbundle; includeInIndex = 0; path = BucketListUITests.xctest; sourceTree = BUILT_PRODUCTS_DIR; };
		C01A45241F678AFC00C3A034 /* BucketListUITests.swift */ = {isa = PBXFileReference; lastKnownFileType = sourcecode.swift; path = BucketListUITests.swift; sourceTree = "<group>"; };
		C01A45261F678AFC00C3A034 /* Info.plist */ = {isa = PBXFileReference; lastKnownFileType = text.plist.xml; path = Info.plist; sourceTree = "<group>"; };
		C06C94931F67A0C700C441D3 /* AddItemTableViewController.swift */ = {isa = PBXFileReference; fileEncoding = 4; lastKnownFileType = sourcecode.swift; path = AddItemTableViewController.swift; sourceTree = "<group>"; };
		C06C94971F67AD7B00C441D3 /* AddItemTableViewControllerDelegate.swift */ = {isa = PBXFileReference; fileEncoding = 4; lastKnownFileType = sourcecode.swift; path = AddItemTableViewControllerDelegate.swift; sourceTree = "<group>"; };
/* End PBXFileReference section */

/* Begin PBXFrameworksBuildPhase section */
		C01A44FE1F678AFC00C3A034 /* Frameworks */ = {
			isa = PBXFrameworksBuildPhase;
			buildActionMask = 2147483647;
			files = (
			);
			runOnlyForDeploymentPostprocessing = 0;
		};
		C01A45121F678AFC00C3A034 /* Frameworks */ = {
			isa = PBXFrameworksBuildPhase;
			buildActionMask = 2147483647;
			files = (
			);
			runOnlyForDeploymentPostprocessing = 0;
		};
		C01A451D1F678AFC00C3A034 /* Frameworks */ = {
			isa = PBXFrameworksBuildPhase;
			buildActionMask = 2147483647;
			files = (
			);
			runOnlyForDeploymentPostprocessing = 0;
		};
/* End PBXFrameworksBuildPhase section */

/* Begin PBXGroup section */
		C01A44F81F678AFC00C3A034 = {
			isa = PBXGroup;
			children = (
				C01A45031F678AFC00C3A034 /* BucketList */,
				C01A45181F678AFC00C3A034 /* BucketListTests */,
				C01A45231F678AFC00C3A034 /* BucketListUITests */,
				C01A45021F678AFC00C3A034 /* Products */,
			);
			sourceTree = "<group>";
		};
		C01A45021F678AFC00C3A034 /* Products */ = {
			isa = PBXGroup;
			children = (
				C01A45011F678AFC00C3A034 /* BucketList.app */,
				C01A45151F678AFC00C3A034 /* BucketListTests.xctest */,
				C01A45201F678AFC00C3A034 /* BucketListUITests.xctest */,
			);
			name = Products;
			sourceTree = "<group>";
		};
		C01A45031F678AFC00C3A034 /* BucketList */ = {
			isa = PBXGroup;
			children = (
				C01A45061F678AFC00C3A034 /* BucketListViewController.swift */,
				C06C94931F67A0C700C441D3 /* AddItemTableViewController.swift */,
				C06C94971F67AD7B00C441D3 /* AddItemTableViewControllerDelegate.swift */,
				C01A45041F678AFC00C3A034 /* AppDelegate.swift */,
				C01A45081F678AFC00C3A034 /* Main.storyboard */,
				C01A450B1F678AFC00C3A034 /* Assets.xcassets */,
				C01A450D1F678AFC00C3A034 /* LaunchScreen.storyboard */,
				C01A45101F678AFC00C3A034 /* Info.plist */,
			);
			path = BucketList;
			sourceTree = "<group>";
		};
		C01A45181F678AFC00C3A034 /* BucketListTests */ = {
			isa = PBXGroup;
			children = (
				C01A45191F678AFC00C3A034 /* BucketListTests.swift */,
				C01A451B1F678AFC00C3A034 /* Info.plist */,
			);
			path = BucketListTests;
			sourceTree = "<group>";
		};
		C01A45231F678AFC00C3A034 /* BucketListUITests */ = {
			isa = PBXGroup;
			children = (
				C01A45241F678AFC00C3A034 /* BucketListUITests.swift */,
				C01A45261F678AFC00C3A034 /* Info.plist */,
			);
			path = BucketListUITests;
			sourceTree = "<group>";
		};
/* End PBXGroup section */

/* Begin PBXNativeTarget section */
		C01A45001F678AFC00C3A034 /* BucketList */ = {
			isa = PBXNativeTarget;
			buildConfigurationList = C01A45291F678AFC00C3A034 /* Build configuration list for PBXNativeTarget "BucketList" */;
			buildPhases = (
				C01A44FD1F678AFC00C3A034 /* Sources */,
				C01A44FE1F678AFC00C3A034 /* Frameworks */,
				C01A44FF1F678AFC00C3A034 /* Resources */,
			);
			buildRules = (
			);
			dependencies = (
			);
			name = BucketList;
			productName = BucketList;
			productReference = C01A45011F678AFC00C3A034 /* BucketList.app */;
			productType = "com.apple.product-type.application";
		};
		C01A45141F678AFC00C3A034 /* BucketListTests */ = {
			isa = PBXNativeTarget;
			buildConfigurationList = C01A452C1F678AFC00C3A034 /* Build configuration list for PBXNativeTarget "BucketListTests" */;
			buildPhases = (
				C01A45111F678AFC00C3A034 /* Sources */,
				C01A45121F678AFC00C3A034 /* Frameworks */,
				C01A45131F678AFC00C3A034 /* Resources */,
			);
			buildRules = (
			);
			dependencies = (
				C01A45171F678AFC00C3A034 /* PBXTargetDependency */,
			);
			name = BucketListTests;
			productName = BucketListTests;
			productReference = C01A45151F678AFC00C3A034 /* BucketListTests.xctest */;
			productType = "com.apple.product-type.bundle.unit-test";
		};
		C01A451F1F678AFC00C3A034 /* BucketListUITests */ = {
			isa = PBXNativeTarget;
			buildConfigurationList = C01A452F1F678AFC00C3A034 /* Build configuration list for PBXNativeTarget "BucketListUITests" */;
			buildPhases = (
				C01A451C1F678AFC00C3A034 /* Sources */,
				C01A451D1F678AFC00C3A034 /* Frameworks */,
				C01A451E1F678AFC00C3A034 /* Resources */,
			);
			buildRules = (
			);
			dependencies = (
				C01A45221F678AFC00C3A034 /* PBXTargetDependency */,
			);
			name = BucketListUITests;
			productName = BucketListUITests;
			productReference = C01A45201F678AFC00C3A034 /* BucketListUITests.xctest */;
			productType = "com.apple.product-type.bundle.ui-testing";
		};
/* End PBXNativeTarget section */

/* Begin PBXProject section */
		C01A44F91F678AFC00C3A034 /* Project object */ = {
			isa = PBXProject;
			attributes = {
				LastSwiftUpdateCheck = 0830;
				LastUpgradeCheck = 0830;
				ORGANIZATIONNAME = "Grant Brooks";
				TargetAttributes = {
					C01A45001F678AFC00C3A034 = {
						CreatedOnToolsVersion = 8.3.3;
						DevelopmentTeam = 7684EEET25;
						ProvisioningStyle = Automatic;
					};
					C01A45141F678AFC00C3A034 = {
						CreatedOnToolsVersion = 8.3.3;
						DevelopmentTeam = 7684EEET25;
						ProvisioningStyle = Automatic;
						TestTargetID = C01A45001F678AFC00C3A034;
					};
					C01A451F1F678AFC00C3A034 = {
						CreatedOnToolsVersion = 8.3.3;
						DevelopmentTeam = 7684EEET25;
						ProvisioningStyle = Automatic;
						TestTargetID = C01A45001F678AFC00C3A034;
					};
				};
			};
			buildConfigurationList = C01A44FC1F678AFC00C3A034 /* Build configuration list for PBXProject "BucketList" */;
			compatibilityVersion = "Xcode 3.2";
			developmentRegion = English;
			hasScannedForEncodings = 0;
			knownRegions = (
				en,
				Base,
			);
			mainGroup = C01A44F81F678AFC00C3A034;
			productRefGroup = C01A45021F678AFC00C3A034 /* Products */;
			projectDirPath = "";
			projectRoot = "";
			targets = (
				C01A45001F678AFC00C3A034 /* BucketList */,
				C01A45141F678AFC00C3A034 /* BucketListTests */,
				C01A451F1F678AFC00C3A034 /* BucketListUITests */,
			);
		};
/* End PBXProject section */

/* Begin PBXResourcesBuildPhase section */
		C01A44FF1F678AFC00C3A034 /* Resources */ = {
			isa = PBXResourcesBuildPhase;
			buildActionMask = 2147483647;
			files = (
				C01A450F1F678AFC00C3A034 /* LaunchScreen.storyboard in Resources */,
				C01A450C1F678AFC00C3A034 /* Assets.xcassets in Resources */,
				C01A450A1F678AFC00C3A034 /* Main.storyboard in Resources */,
			);
			runOnlyForDeploymentPostprocessing = 0;
		};
		C01A45131F678AFC00C3A034 /* Resources */ = {
			isa = PBXResourcesBuildPhase;
			buildActionMask = 2147483647;
			files = (
			);
			runOnlyForDeploymentPostprocessing = 0;
		};
		C01A451E1F678AFC00C3A034 /* Resources */ = {
			isa = PBXResourcesBuildPhase;
			buildActionMask = 2147483647;
			files = (
			);
			runOnlyForDeploymentPostprocessing = 0;
		};
/* End PBXResourcesBuildPhase section */

/* Begin PBXSourcesBuildPhase section */
		C01A44FD1F678AFC00C3A034 /* Sources */ = {
			isa = PBXSourcesBuildPhase;
			buildActionMask = 2147483647;
			files = (
				C01A45071F678AFC00C3A034 /* BucketListViewController.swift in Sources */,
				C01A45051F678AFC00C3A034 /* AppDelegate.swift in Sources */,
				C06C94981F67AD7B00C441D3 /* AddItemTableViewControllerDelegate.swift in Sources */,
				C06C94941F67A0C700C441D3 /* AddItemTableViewController.swift in Sources */,
			);
			runOnlyForDeploymentPostprocessing = 0;
		};
		C01A45111F678AFC00C3A034 /* Sources */ = {
			isa = PBXSourcesBuildPhase;
			buildActionMask = 2147483647;
			files = (
				C01A451A1F678AFC00C3A034 /* BucketListTests.swift in Sources */,
			);
			runOnlyForDeploymentPostprocessing = 0;
		};
		C01A451C1F678AFC00C3A034 /* Sources */ = {
			isa = PBXSourcesBuildPhase;
			buildActionMask = 2147483647;
			files = (
				C01A45251F678AFC00C3A034 /* BucketListUITests.swift in Sources */,
			);
			runOnlyForDeploymentPostprocessing = 0;
		};
/* End PBXSourcesBuildPhase section */

/* Begin PBXTargetDependency section */
		C01A45171F678AFC00C3A034 /* PBXTargetDependency */ = {
			isa = PBXTargetDependency;
			target = C01A45001F678AFC00C3A034 /* BucketList */;
			targetProxy = C01A45161F678AFC00C3A034 /* PBXContainerItemProxy */;
		};
		C01A45221F678AFC00C3A034 /* PBXTargetDependency */ = {
			isa = PBXTargetDependency;
			target = C01A45001F678AFC00C3A034 /* BucketList */;
			targetProxy = C01A45211F678AFC00C3A034 /* PBXContainerItemProxy */;
		};
/* End PBXTargetDependency section */

/* Begin PBXVariantGroup section */
		C01A45081F678AFC00C3A034 /* Main.storyboard */ = {
			isa = PBXVariantGroup;
			children = (
				C01A45091F678AFC00C3A034 /* Base */,
			);
			name = Main.storyboard;
			sourceTree = "<group>";
		};
		C01A450D1F678AFC00C3A034 /* LaunchScreen.storyboard */ = {
			isa = PBXVariantGroup;
			children = (
				C01A450E1F678AFC00C3A034 /* Base */,
			);
			name = LaunchScreen.storyboard;
			sourceTree = "<group>";
		};
/* End PBXVariantGroup section */

/* Begin XCBuildConfiguration section */
		C01A45271F678AFC00C3A034 /* Debug */ = {
			isa = XCBuildConfiguration;
			buildSettings = {
				ALWAYS_SEARCH_USER_PATHS = NO;
				CLANG_ANALYZER_NONNULL = YES;
				CLANG_ANALYZER_NUMBER_OBJECT_CONVERSION = YES_AGGRESSIVE;
				CLANG_CXX_LANGUAGE_STANDARD = "gnu++0x";
				CLANG_CXX_LIBRARY = "libc++";
				CLANG_ENABLE_MODULES = YES;
				CLANG_ENABLE_OBJC_ARC = YES;
				CLANG_WARN_BOOL_CONVERSION = YES;
				CLANG_WARN_CONSTANT_CONVERSION = YES;
				CLANG_WARN_DIRECT_OBJC_ISA_USAGE = YES_ERROR;
				CLANG_WARN_DOCUMENTATION_COMMENTS = YES;
				CLANG_WARN_EMPTY_BODY = YES;
				CLANG_WARN_ENUM_CONVERSION = YES;
				CLANG_WARN_INFINITE_RECURSION = YES;
				CLANG_WARN_INT_CONVERSION = YES;
				CLANG_WARN_OBJC_ROOT_CLASS = YES_ERROR;
				CLANG_WARN_SUSPICIOUS_MOVE = YES;
				CLANG_WARN_UNREACHABLE_CODE = YES;
				CLANG_WARN__DUPLICATE_METHOD_MATCH = YES;
				"CODE_SIGN_IDENTITY[sdk=iphoneos*]" = "iPhone Developer";
				COPY_PHASE_STRIP = NO;
				DEBUG_INFORMATION_FORMAT = dwarf;
				ENABLE_STRICT_OBJC_MSGSEND = YES;
				ENABLE_TESTABILITY = YES;
				GCC_C_LANGUAGE_STANDARD = gnu99;
				GCC_DYNAMIC_NO_PIC = NO;
				GCC_NO_COMMON_BLOCKS = YES;
				GCC_OPTIMIZATION_LEVEL = 0;
				GCC_PREPROCESSOR_DEFINITIONS = (
					"DEBUG=1",
					"$(inherited)",
				);
				GCC_WARN_64_TO_32_BIT_CONVERSION = YES;
				GCC_WARN_ABOUT_RETURN_TYPE = YES_ERROR;
				GCC_WARN_UNDECLARED_SELECTOR = YES;
				GCC_WARN_UNINITIALIZED_AUTOS = YES_AGGRESSIVE;
				GCC_WARN_UNUSED_FUNCTION = YES;
				GCC_WARN_UNUSED_VARIABLE = YES;
				IPHONEOS_DEPLOYMENT_TARGET = 10.3;
				MTL_ENABLE_DEBUG_INFO = YES;
				ONLY_ACTIVE_ARCH = YES;
				SDKROOT = iphoneos;
				SWIFT_ACTIVE_COMPILATION_CONDITIONS = DEBUG;
				SWIFT_OPTIMIZATION_LEVEL = "-Onone";
				TARGETED_DEVICE_FAMILY = "1,2";
			};
			name = Debug;
		};
		C01A45281F678AFC00C3A034 /* Release */ = {
			isa = XCBuildConfiguration;
			buildSettings = {
				ALWAYS_SEARCH_USER_PATHS = NO;
				CLANG_ANALYZER_NONNULL = YES;
				CLANG_ANALYZER_NUMBER_OBJECT_CONVERSION = YES_AGGRESSIVE;
				CLANG_CXX_LANGUAGE_STANDARD = "gnu++0x";
				CLANG_CXX_LIBRARY = "libc++";
				CLANG_ENABLE_MODULES = YES;
				CLANG_ENABLE_OBJC_ARC = YES;
				CLANG_WARN_BOOL_CONVERSION = YES;
				CLANG_WARN_CONSTANT_CONVERSION = YES;
				CLANG_WARN_DIRECT_OBJC_ISA_USAGE = YES_ERROR;
				CLANG_WARN_DOCUMENTATION_COMMENTS = YES;
				CLANG_WARN_EMPTY_BODY = YES;
				CLANG_WARN_ENUM_CONVERSION = YES;
				CLANG_WARN_INFINITE_RECURSION = YES;
				CLANG_WARN_INT_CONVERSION = YES;
				CLANG_WARN_OBJC_ROOT_CLASS = YES_ERROR;
				CLANG_WARN_SUSPICIOUS_MOVE = YES;
				CLANG_WARN_UNREACHABLE_CODE = YES;
				CLANG_WARN__DUPLICATE_METHOD_MATCH = YES;
				"CODE_SIGN_IDENTITY[sdk=iphoneos*]" = "iPhone Developer";
				COPY_PHASE_STRIP = NO;
				DEBUG_INFORMATION_FORMAT = "dwarf-with-dsym";
				ENABLE_NS_ASSERTIONS = NO;
				ENABLE_STRICT_OBJC_MSGSEND = YES;
				GCC_C_LANGUAGE_STANDARD = gnu99;
				GCC_NO_COMMON_BLOCKS = YES;
				GCC_WARN_64_TO_32_BIT_CONVERSION = YES;
				GCC_WARN_ABOUT_RETURN_TYPE = YES_ERROR;
				GCC_WARN_UNDECLARED_SELECTOR = YES;
				GCC_WARN_UNINITIALIZED_AUTOS = YES_AGGRESSIVE;
				GCC_WARN_UNUSED_FUNCTION = YES;
				GCC_WARN_UNUSED_VARIABLE = YES;
				IPHONEOS_DEPLOYMENT_TARGET = 10.3;
				MTL_ENABLE_DEBUG_INFO = NO;
				SDKROOT = iphoneos;
				SWIFT_OPTIMIZATION_LEVEL = "-Owholemodule";
				TARGETED_DEVICE_FAMILY = "1,2";
				VALIDATE_PRODUCT = YES;
			};
			name = Release;
		};
		C01A452A1F678AFC00C3A034 /* Debug */ = {
			isa = XCBuildConfiguration;
			buildSettings = {
				ASSETCATALOG_COMPILER_APPICON_NAME = AppIcon;
				DEVELOPMENT_TEAM = 7684EEET25;
				INFOPLIST_FILE = BucketList/Info.plist;
				LD_RUNPATH_SEARCH_PATHS = "$(inherited) @executable_path/Frameworks";
				PRODUCT_BUNDLE_IDENTIFIER = com.grant.BucketList;
				PRODUCT_NAME = "$(TARGET_NAME)";
				SWIFT_VERSION = 3.0;
			};
			name = Debug;
		};
		C01A452B1F678AFC00C3A034 /* Release */ = {
			isa = XCBuildConfiguration;
			buildSettings = {
				ASSETCATALOG_COMPILER_APPICON_NAME = AppIcon;
				DEVELOPMENT_TEAM = 7684EEET25;
				INFOPLIST_FILE = BucketList/Info.plist;
				LD_RUNPATH_SEARCH_PATHS = "$(inherited) @executable_path/Frameworks";
				PRODUCT_BUNDLE_IDENTIFIER = com.grant.BucketList;
				PRODUCT_NAME = "$(TARGET_NAME)";
				SWIFT_VERSION = 3.0;
			};
			name = Release;
		};
		C01A452D1F678AFC00C3A034 /* Debug */ = {
			isa = XCBuildConfiguration;
			buildSettings = {
				ALWAYS_EMBED_SWIFT_STANDARD_LIBRARIES = YES;
				BUNDLE_LOADER = "$(TEST_HOST)";
				DEVELOPMENT_TEAM = 7684EEET25;
				INFOPLIST_FILE = BucketListTests/Info.plist;
				LD_RUNPATH_SEARCH_PATHS = "$(inherited) @executable_path/Frameworks @loader_path/Frameworks";
				PRODUCT_BUNDLE_IDENTIFIER = com.grant.BucketListTests;
				PRODUCT_NAME = "$(TARGET_NAME)";
				SWIFT_VERSION = 3.0;
				TEST_HOST = "$(BUILT_PRODUCTS_DIR)/BucketList.app/BucketList";
			};
			name = Debug;
		};
		C01A452E1F678AFC00C3A034 /* Release */ = {
			isa = XCBuildConfiguration;
			buildSettings = {
				ALWAYS_EMBED_SWIFT_STANDARD_LIBRARIES = YES;
				BUNDLE_LOADER = "$(TEST_HOST)";
				DEVELOPMENT_TEAM = 7684EEET25;
				INFOPLIST_FILE = BucketListTests/Info.plist;
				LD_RUNPATH_SEARCH_PATHS = "$(inherited) @executable_path/Frameworks @loader_path/Frameworks";
				PRODUCT_BUNDLE_IDENTIFIER = com.grant.BucketListTests;
				PRODUCT_NAME = "$(TARGET_NAME)";
				SWIFT_VERSION = 3.0;
				TEST_HOST = "$(BUILT_PRODUCTS_DIR)/BucketList.app/BucketList";
			};
			name = Release;
		};
		C01A45301F678AFC00C3A034 /* Debug */ = {
			isa = XCBuildConfiguration;
			buildSettings = {
				ALWAYS_EMBED_SWIFT_STANDARD_LIBRARIES = YES;
				DEVELOPMENT_TEAM = 7684EEET25;
				INFOPLIST_FILE = BucketListUITests/Info.plist;
				LD_RUNPATH_SEARCH_PATHS = "$(inherited) @executable_path/Frameworks @loader_path/Frameworks";
				PRODUCT_BUNDLE_IDENTIFIER = com.grant.BucketListUITests;
				PRODUCT_NAME = "$(TARGET_NAME)";
				SWIFT_VERSION = 3.0;
				TEST_TARGET_NAME = BucketList;
			};
			name = Debug;
		};
		C01A45311F678AFC00C3A034 /* Release */ = {
			isa = XCBuildConfiguration;
			buildSettings = {
				ALWAYS_EMBED_SWIFT_STANDARD_LIBRARIES = YES;
				DEVELOPMENT_TEAM = 7684EEET25;
				INFOPLIST_FILE = BucketListUITests/Info.plist;
				LD_RUNPATH_SEARCH_PATHS = "$(inherited) @executable_path/Frameworks @loader_path/Frameworks";
				PRODUCT_BUNDLE_IDENTIFIER = com.grant.BucketListUITests;
				PRODUCT_NAME = "$(TARGET_NAME)";
				SWIFT_VERSION = 3.0;
				TEST_TARGET_NAME = BucketList;
			};
			name = Release;
		};
/* End XCBuildConfiguration section */

/* Begin XCConfigurationList section */
		C01A44FC1F678AFC00C3A034 /* Build configuration list for PBXProject "BucketList" */ = {
			isa = XCConfigurationList;
			buildConfigurations = (
				C01A45271F678AFC00C3A034 /* Debug */,
				C01A45281F678AFC00C3A034 /* Release */,
			);
			defaultConfigurationIsVisible = 0;
			defaultConfigurationName = Release;
		};
		C01A45291F678AFC00C3A034 /* Build configuration list for PBXNativeTarget "BucketList" */ = {
			isa = XCConfigurationList;
			buildConfigurations = (
				C01A452A1F678AFC00C3A034 /* Debug */,
				C01A452B1F678AFC00C3A034 /* Release */,
			);
			defaultConfigurationIsVisible = 0;
			defaultConfigurationName = Release;
		};
		C01A452C1F678AFC00C3A034 /* Build configuration list for PBXNativeTarget "BucketListTests" */ = {
			isa = XCConfigurationList;
			buildConfigurations = (
				C01A452D1F678AFC00C3A034 /* Debug */,
				C01A452E1F678AFC00C3A034 /* Release */,
			);
			defaultConfigurationIsVisible = 0;
			defaultConfigurationName = Release;
		};
		C01A452F1F678AFC00C3A034 /* Build configuration list for PBXNativeTarget "BucketListUITests" */ = {
			isa = XCConfigurationList;
			buildConfigurations = (
				C01A45301F678AFC00C3A034 /* Debug */,
				C01A45311F678AFC00C3A034 /* Release */,
			);
			defaultConfigurationIsVisible = 0;
			defaultConfigurationName = Release;
		};
/* End XCConfigurationList section */
	};
	rootObject = C01A44F91F678AFC00C3A034 /* Project object */;
}
